
Microsoft Visual Studio Solution File, Format Version 12.00
# Visual Studio Version 17
VisualStudioVersion = 17.14.36705.20 d17.14
MinimumVisualStudioVersion = 10.0.40219.1
Project("{C9674DCB-5085-4A16-B785-4C70DD1589BD}") = "Fintech_DWH_ETL", "Fintech_DWH_ETL\Fintech_DWH_ETL.dtproj", "{15AAA2D2-28A1-4A08-CE31-7B26ACDD278C}"
EndProject
Global
	GlobalSection(SolutionConfigurationPlatforms) = preSolution
		Development|Default = Development|Default
	EndGlobalSection
	GlobalSection(ProjectConfigurationPlatforms) = postSolution
		{15AAA2D2-28A1-4A08-CE31-7B26ACDD278C}.Development|Default.ActiveCfg = Development
		{15AAA2D2-28A1-4A08-CE31-7B26ACDD278C}.Development|Default.Build.0 = Development
	EndGlobalSection
	GlobalSection(SolutionProperties) = preSolution
		HideSolutionNode = FALSE
	EndGlobalSection
	GlobalSection(ExtensibilityGlobals) = postSolution
		SolutionGuid = {DE8D07B3-F11C-42F0-88CB-D0B2ADDEE1AF}
	EndGlobalSection
EndGlobal
